
Microsoft Visual Studio Solution File, Format Version 12.00
# Visual Studio 2013
VisualStudioVersion = 12.0.31101.0
MinimumVisualStudioVersion = 10.0.40219.1
Project("{FAE04EC0-301F-11D3-BF4B-00C04F79EFBC}") = "ConnectionLogger", "ConnectionLogger\ConnectionLogger\ConnectionLogger.csproj", "{991321DE-6C8B-49A9-8FCD-9FDDBEE80D13}"
EndProject
Project("{FAE04EC0-301F-11D3-BF4B-00C04F79EFBC}") = "ConnectionLogger.iOS", "ConnectionLogger\ConnectionLogger.iOS\ConnectionLogger.iOS.csproj", "{B0823661-8918-48DF-9DC4-204BABF200ED}"
EndProject
Project("{FAE04EC0-301F-11D3-BF4B-00C04F79EFBC}") = "ConnectionLogger.Android", "ConnectionLogger\ConnectionLogger.Android\ConnectionLogger.Android.csproj", "{9CC6EF4B-DB7A-4C18-86CF-015B7D5B0AFE}"
EndProject
Project("{FAE04EC0-301F-11D3-BF4B-00C04F79EFBC}") = "ConnectionLogger.WinPhone", "ConnectionLogger\ConnectionLogger.WinPhone\ConnectionLogger.WinPhone.csproj", "{80221626-32A3-4A0C-B45D-AE56319FB754}"
EndProject
Project("{2150E333-8FDC-42A3-9474-1A3956D46DE8}") = "WinFormsApp", "WinFormsApp", "{8D9222ED-E5B3-4D0A-9E10-62B0CCF27A58}"
EndProject
Project("{FAE04EC0-301F-11D3-BF4B-00C04F79EFBC}") = "ConnectionLogger", "docs\ConnectionLoggerSourceCode\ConnectionLoggerSourceCode\ConnectionLogger\ConnectionLogger.csproj", "{5CE1F777-4CDF-4BCD-BA00-A814BA58123C}"
EndProject
Global
	GlobalSection(SolutionConfigurationPlatforms) = preSolution
		Ad-Hoc|Any CPU = Ad-Hoc|Any CPU
		Ad-Hoc|ARM = Ad-Hoc|ARM
		Ad-Hoc|iPhone = Ad-Hoc|iPhone
		Ad-Hoc|iPhoneSimulator = Ad-Hoc|iPhoneSimulator
		Ad-Hoc|Mixed Platforms = Ad-Hoc|Mixed Platforms
		Ad-Hoc|x86 = Ad-Hoc|x86
		AppStore|Any CPU = AppStore|Any CPU
		AppStore|ARM = AppStore|ARM
		AppStore|iPhone = AppStore|iPhone
		AppStore|iPhoneSimulator = AppStore|iPhoneSimulator
		AppStore|Mixed Platforms = AppStore|Mixed Platforms
		AppStore|x86 = AppStore|x86
		Debug|Any CPU = Debug|Any CPU
		Debug|ARM = Debug|ARM
		Debug|iPhone = Debug|iPhone
		Debug|iPhoneSimulator = Debug|iPhoneSimulator
		Debug|Mixed Platforms = Debug|Mixed Platforms
		Debug|x86 = Debug|x86
		Release|Any CPU = Release|Any CPU
		Release|ARM = Release|ARM
		Release|iPhone = Release|iPhone
		Release|iPhoneSimulator = Release|iPhoneSimulator
		Release|Mixed Platforms = Release|Mixed Platforms
		Release|x86 = Release|x86
	EndGlobalSection
	GlobalSection(ProjectConfigurationPlatforms) = postSolution
		{991321DE-6C8B-49A9-8FCD-9FDDBEE80D13}.Ad-Hoc|Any CPU.ActiveCfg = Release|Any CPU
		{991321DE-6C8B-49A9-8FCD-9FDDBEE80D13}.Ad-Hoc|Any CPU.Build.0 = Release|Any CPU
		{991321DE-6C8B-49A9-8FCD-9FDDBEE80D13}.Ad-Hoc|ARM.ActiveCfg = Release|Any CPU
		{991321DE-6C8B-49A9-8FCD-9FDDBEE80D13}.Ad-Hoc|iPhone.ActiveCfg = Release|Any CPU
		{991321DE-6C8B-49A9-8FCD-9FDDBEE80D13}.Ad-Hoc|iPhoneSimulator.ActiveCfg = Release|Any CPU
		{991321DE-6C8B-49A9-8FCD-9FDDBEE80D13}.Ad-Hoc|Mixed Platforms.ActiveCfg = Release|Any CPU
		{991321DE-6C8B-49A9-8FCD-9FDDBEE80D13}.Ad-Hoc|Mixed Platforms.Build.0 = Release|Any CPU
		{991321DE-6C8B-49A9-8FCD-9FDDBEE80D13}.Ad-Hoc|x86.ActiveCfg = Release|Any CPU
		{991321DE-6C8B-49A9-8FCD-9FDDBEE80D13}.AppStore|Any CPU.ActiveCfg = Release|Any CPU
		{991321DE-6C8B-49A9-8FCD-9FDDBEE80D13}.AppStore|Any CPU.Build.0 = Release|Any CPU
		{991321DE-6C8B-49A9-8FCD-9FDDBEE80D13}.AppStore|ARM.ActiveCfg = Release|Any CPU
		{991321DE-6C8B-49A9-8FCD-9FDDBEE80D13}.AppStore|iPhone.ActiveCfg = Release|Any CPU
		{991321DE-6C8B-49A9-8FCD-9FDDBEE80D13}.AppStore|iPhoneSimulator.ActiveCfg = Release|Any CPU
		{991321DE-6C8B-49A9-8FCD-9FDDBEE80D13}.AppStore|Mixed Platforms.ActiveCfg = Release|Any CPU
		{991321DE-6C8B-49A9-8FCD-9FDDBEE80D13}.AppStore|Mixed Platforms.Build.0 = Release|Any CPU
		{991321DE-6C8B-49A9-8FCD-9FDDBEE80D13}.AppStore|x86.ActiveCfg = Release|Any CPU
		{991321DE-6C8B-49A9-8FCD-9FDDBEE80D13}.Debug|Any CPU.ActiveCfg = Debug|Any CPU
		{991321DE-6C8B-49A9-8FCD-9FDDBEE80D13}.Debug|Any CPU.Build.0 = Debug|Any CPU
		{991321DE-6C8B-49A9-8FCD-9FDDBEE80D13}.Debug|ARM.ActiveCfg = Debug|Any CPU
		{991321DE-6C8B-49A9-8FCD-9FDDBEE80D13}.Debug|iPhone.ActiveCfg = Debug|Any CPU
		{991321DE-6C8B-49A9-8FCD-9FDDBEE80D13}.Debug|iPhoneSimulator.ActiveCfg = Debug|Any CPU
		{991321DE-6C8B-49A9-8FCD-9FDDBEE80D13}.Debug|Mixed Platforms.ActiveCfg = Debug|Any CPU
		{991321DE-6C8B-49A9-8FCD-9FDDBEE80D13}.Debug|Mixed Platforms.Build.0 = Debug|Any CPU
		{991321DE-6C8B-49A9-8FCD-9FDDBEE80D13}.Debug|x86.ActiveCfg = Debug|Any CPU
		{991321DE-6C8B-49A9-8FCD-9FDDBEE80D13}.Release|Any CPU.ActiveCfg = Release|Any CPU
		{991321DE-6C8B-49A9-8FCD-9FDDBEE80D13}.Release|Any CPU.Build.0 = Release|Any CPU
		{991321DE-6C8B-49A9-8FCD-9FDDBEE80D13}.Release|ARM.ActiveCfg = Release|Any CPU
		{991321DE-6C8B-49A9-8FCD-9FDDBEE80D13}.Release|iPhone.ActiveCfg = Release|Any CPU
		{991321DE-6C8B-49A9-8FCD-9FDDBEE80D13}.Release|iPhoneSimulator.ActiveCfg = Release|Any CPU
		{991321DE-6C8B-49A9-8FCD-9FDDBEE80D13}.Release|Mixed Platforms.ActiveCfg = Release|Any CPU
		{991321DE-6C8B-49A9-8FCD-9FDDBEE80D13}.Release|Mixed Platforms.Build.0 = Release|Any CPU
		{991321DE-6C8B-49A9-8FCD-9FDDBEE80D13}.Release|x86.ActiveCfg = Release|Any CPU
		{B0823661-8918-48DF-9DC4-204BABF200ED}.Ad-Hoc|Any CPU.ActiveCfg = Ad-Hoc|iPhone
		{B0823661-8918-48DF-9DC4-204BABF200ED}.Ad-Hoc|ARM.ActiveCfg = Ad-Hoc|iPhone
		{B0823661-8918-48DF-9DC4-204BABF200ED}.Ad-Hoc|iPhone.ActiveCfg = Ad-Hoc|iPhone
		{B0823661-8918-48DF-9DC4-204BABF200ED}.Ad-Hoc|iPhone.Build.0 = Ad-Hoc|iPhone
		{B0823661-8918-48DF-9DC4-204BABF200ED}.Ad-Hoc|iPhoneSimulator.ActiveCfg = Ad-Hoc|iPhoneSimulator
		{B0823661-8918-48DF-9DC4-204BABF200ED}.Ad-Hoc|iPhoneSimulator.Build.0 = Ad-Hoc|iPhoneSimulator
		{B0823661-8918-48DF-9DC4-204BABF200ED}.Ad-Hoc|Mixed Platforms.ActiveCfg = Ad-Hoc|iPhone
		{B0823661-8918-48DF-9DC4-204BABF200ED}.Ad-Hoc|Mixed Platforms.Build.0 = Ad-Hoc|iPhone
		{B0823661-8918-48DF-9DC4-204BABF200ED}.Ad-Hoc|x86.ActiveCfg = Ad-Hoc|iPhone
		{B0823661-8918-48DF-9DC4-204BABF200ED}.AppStore|Any CPU.ActiveCfg = AppStore|iPhone
		{B0823661-8918-48DF-9DC4-204BABF200ED}.AppStore|ARM.ActiveCfg = AppStore|iPhone
		{B0823661-8918-48DF-9DC4-204BABF200ED}.AppStore|iPhone.ActiveCfg = AppStore|iPhone
		{B0823661-8918-48DF-9DC4-204BABF200ED}.AppStore|iPhone.Build.0 = AppStore|iPhone
		{B0823661-8918-48DF-9DC4-204BABF200ED}.AppStore|iPhoneSimulator.ActiveCfg = AppStore|iPhoneSimulator
		{B0823661-8918-48DF-9DC4-204BABF200ED}.AppStore|iPhoneSimulator.Build.0 = AppStore|iPhoneSimulator
		{B0823661-8918-48DF-9DC4-204BABF200ED}.AppStore|Mixed Platforms.ActiveCfg = AppStore|iPhone
		{B0823661-8918-48DF-9DC4-204BABF200ED}.AppStore|Mixed Platforms.Build.0 = AppStore|iPhone
		{B0823661-8918-48DF-9DC4-204BABF200ED}.AppStore|x86.ActiveCfg = AppStore|iPhone
		{B0823661-8918-48DF-9DC4-204BABF200ED}.Debug|Any CPU.ActiveCfg = Debug|iPhone
		{B0823661-8918-48DF-9DC4-204BABF200ED}.Debug|ARM.ActiveCfg = Debug|iPhone
		{B0823661-8918-48DF-9DC4-204BABF200ED}.Debug|iPhone.ActiveCfg = Debug|iPhone
		{B0823661-8918-48DF-9DC4-204BABF200ED}.Debug|iPhone.Build.0 = Debug|iPhone
		{B0823661-8918-48DF-9DC4-204BABF200ED}.Debug|iPhoneSimulator.ActiveCfg = Debug|iPhoneSimulator
		{B0823661-8918-48DF-9DC4-204BABF200ED}.Debug|iPhoneSimulator.Build.0 = Debug|iPhoneSimulator
		{B0823661-8918-48DF-9DC4-204BABF200ED}.Debug|Mixed Platforms.ActiveCfg = Debug|iPhone
		{B0823661-8918-48DF-9DC4-204BABF200ED}.Debug|Mixed Platforms.Build.0 = Debug|iPhone
		{B0823661-8918-48DF-9DC4-204BABF200ED}.Debug|x86.ActiveCfg = Debug|iPhone
		{B0823661-8918-48DF-9DC4-204BABF200ED}.Release|Any CPU.ActiveCfg = Release|iPhone
		{B0823661-8918-48DF-9DC4-204BABF200ED}.Release|ARM.ActiveCfg = Release|iPhone
		{B0823661-8918-48DF-9DC4-204BABF200ED}.Release|iPhone.ActiveCfg = Release|iPhone
		{B0823661-8918-48DF-9DC4-204BABF200ED}.Release|iPhone.Build.0 = Release|iPhone
		{B0823661-8918-48DF-9DC4-204BABF200ED}.Release|iPhoneSimulator.ActiveCfg = Release|iPhoneSimulator
		{B0823661-8918-48DF-9DC4-204BABF200ED}.Release|iPhoneSimulator.Build.0 = Release|iPhoneSimulator
		{B0823661-8918-48DF-9DC4-204BABF200ED}.Release|Mixed Platforms.ActiveCfg = Release|iPhone
		{B0823661-8918-48DF-9DC4-204BABF200ED}.Release|Mixed Platforms.Build.0 = Release|iPhone
		{B0823661-8918-48DF-9DC4-204BABF200ED}.Release|x86.ActiveCfg = Release|iPhone
		{9CC6EF4B-DB7A-4C18-86CF-015B7D5B0AFE}.Ad-Hoc|Any CPU.ActiveCfg = Release|Any CPU
		{9CC6EF4B-DB7A-4C18-86CF-015B7D5B0AFE}.Ad-Hoc|Any CPU.Build.0 = Release|Any CPU
		{9CC6EF4B-DB7A-4C18-86CF-015B7D5B0AFE}.Ad-Hoc|Any CPU.Deploy.0 = Release|Any CPU
		{9CC6EF4B-DB7A-4C18-86CF-015B7D5B0AFE}.Ad-Hoc|ARM.ActiveCfg = Release|Any CPU
		{9CC6EF4B-DB7A-4C18-86CF-015B7D5B0AFE}.Ad-Hoc|iPhone.ActiveCfg = Release|Any CPU
		{9CC6EF4B-DB7A-4C18-86CF-015B7D5B0AFE}.Ad-Hoc|iPhoneSimulator.ActiveCfg = Release|Any CPU
		{9CC6EF4B-DB7A-4C18-86CF-015B7D5B0AFE}.Ad-Hoc|Mixed Platforms.ActiveCfg = Release|Any CPU
		{9CC6EF4B-DB7A-4C18-86CF-015B7D5B0AFE}.Ad-Hoc|Mixed Platforms.Build.0 = Release|Any CPU
		{9CC6EF4B-DB7A-4C18-86CF-015B7D5B0AFE}.Ad-Hoc|Mixed Platforms.Deploy.0 = Release|Any CPU
		{9CC6EF4B-DB7A-4C18-86CF-015B7D5B0AFE}.Ad-Hoc|x86.ActiveCfg = Release|Any CPU
		{9CC6EF4B-DB7A-4C18-86CF-015B7D5B0AFE}.AppStore|Any CPU.ActiveCfg = Release|Any CPU
		{9CC6EF4B-DB7A-4C18-86CF-015B7D5B0AFE}.AppStore|Any CPU.Build.0 = Release|Any CPU
		{9CC6EF4B-DB7A-4C18-86CF-015B7D5B0AFE}.AppStore|Any CPU.Deploy.0 = Release|Any CPU
		{9CC6EF4B-DB7A-4C18-86CF-015B7D5B0AFE}.AppStore|ARM.ActiveCfg = Release|Any CPU
		{9CC6EF4B-DB7A-4C18-86CF-015B7D5B0AFE}.AppStore|iPhone.ActiveCfg = Release|Any CPU
		{9CC6EF4B-DB7A-4C18-86CF-015B7D5B0AFE}.AppStore|iPhoneSimulator.ActiveCfg = Release|Any CPU
		{9CC6EF4B-DB7A-4C18-86CF-015B7D5B0AFE}.AppStore|Mixed Platforms.ActiveCfg = Release|Any CPU
		{9CC6EF4B-DB7A-4C18-86CF-015B7D5B0AFE}.AppStore|Mixed Platforms.Build.0 = Release|Any CPU
		{9CC6EF4B-DB7A-4C18-86CF-015B7D5B0AFE}.AppStore|Mixed Platforms.Deploy.0 = Release|Any CPU
		{9CC6EF4B-DB7A-4C18-86CF-015B7D5B0AFE}.AppStore|x86.ActiveCfg = Release|Any CPU
		{9CC6EF4B-DB7A-4C18-86CF-015B7D5B0AFE}.Debug|Any CPU.ActiveCfg = Debug|Any CPU
		{9CC6EF4B-DB7A-4C18-86CF-015B7D5B0AFE}.Debug|Any CPU.Build.0 = Debug|Any CPU
		{9CC6EF4B-DB7A-4C18-86CF-015B7D5B0AFE}.Debug|Any CPU.Deploy.0 = Debug|Any CPU
		{9CC6EF4B-DB7A-4C18-86CF-015B7D5B0AFE}.Debug|ARM.ActiveCfg = Debug|Any CPU
		{9CC6EF4B-DB7A-4C18-86CF-015B7D5B0AFE}.Debug|iPhone.ActiveCfg = Debug|Any CPU
		{9CC6EF4B-DB7A-4C18-86CF-015B7D5B0AFE}.Debug|iPhoneSimulator.ActiveCfg = Debug|Any CPU
		{9CC6EF4B-DB7A-4C18-86CF-015B7D5B0AFE}.Debug|Mixed Platforms.ActiveCfg = Debug|Any CPU
		{9CC6EF4B-DB7A-4C18-86CF-015B7D5B0AFE}.Debug|Mixed Platforms.Build.0 = Debug|Any CPU
		{9CC6EF4B-DB7A-4C18-86CF-015B7D5B0AFE}.Debug|Mixed Platforms.Deploy.0 = Debug|Any CPU
		{9CC6EF4B-DB7A-4C18-86CF-015B7D5B0AFE}.Debug|x86.ActiveCfg = Debug|Any CPU
		{9CC6EF4B-DB7A-4C18-86CF-015B7D5B0AFE}.Release|Any CPU.ActiveCfg = Release|Any CPU
		{9CC6EF4B-DB7A-4C18-86CF-015B7D5B0AFE}.Release|Any CPU.Build.0 = Release|Any CPU
		{9CC6EF4B-DB7A-4C18-86CF-015B7D5B0AFE}.Release|Any CPU.Deploy.0 = Release|Any CPU
		{9CC6EF4B-DB7A-4C18-86CF-015B7D5B0AFE}.Release|ARM.ActiveCfg = Release|Any CPU
		{9CC6EF4B-DB7A-4C18-86CF-015B7D5B0AFE}.Release|iPhone.ActiveCfg = Release|Any CPU
		{9CC6EF4B-DB7A-4C18-86CF-015B7D5B0AFE}.Release|iPhoneSimulator.ActiveCfg = Release|Any CPU
		{9CC6EF4B-DB7A-4C18-86CF-015B7D5B0AFE}.Release|Mixed Platforms.ActiveCfg = Release|Any CPU
		{9CC6EF4B-DB7A-4C18-86CF-015B7D5B0AFE}.Release|Mixed Platforms.Build.0 = Release|Any CPU
		{9CC6EF4B-DB7A-4C18-86CF-015B7D5B0AFE}.Release|Mixed Platforms.Deploy.0 = Release|Any CPU
		{9CC6EF4B-DB7A-4C18-86CF-015B7D5B0AFE}.Release|x86.ActiveCfg = Release|Any CPU
		{80221626-32A3-4A0C-B45D-AE56319FB754}.Ad-Hoc|Any CPU.ActiveCfg = Release|Any CPU
		{80221626-32A3-4A0C-B45D-AE56319FB754}.Ad-Hoc|Any CPU.Build.0 = Release|Any CPU
		{80221626-32A3-4A0C-B45D-AE56319FB754}.Ad-Hoc|Any CPU.Deploy.0 = Release|Any CPU
		{80221626-32A3-4A0C-B45D-AE56319FB754}.Ad-Hoc|ARM.ActiveCfg = Release|ARM
		{80221626-32A3-4A0C-B45D-AE56319FB754}.Ad-Hoc|ARM.Build.0 = Release|ARM
		{80221626-32A3-4A0C-B45D-AE56319FB754}.Ad-Hoc|ARM.Deploy.0 = Release|ARM
		{80221626-32A3-4A0C-B45D-AE56319FB754}.Ad-Hoc|iPhone.ActiveCfg = Release|Any CPU
		{80221626-32A3-4A0C-B45D-AE56319FB754}.Ad-Hoc|iPhoneSimulator.ActiveCfg = Release|Any CPU
		{80221626-32A3-4A0C-B45D-AE56319FB754}.Ad-Hoc|Mixed Platforms.ActiveCfg = Release|x86
		{80221626-32A3-4A0C-B45D-AE56319FB754}.Ad-Hoc|Mixed Platforms.Build.0 = Release|x86
		{80221626-32A3-4A0C-B45D-AE56319FB754}.Ad-Hoc|Mixed Platforms.Deploy.0 = Release|x86
		{80221626-32A3-4A0C-B45D-AE56319FB754}.Ad-Hoc|x86.ActiveCfg = Release|x86
		{80221626-32A3-4A0C-B45D-AE56319FB754}.Ad-Hoc|x86.Build.0 = Release|x86
		{80221626-32A3-4A0C-B45D-AE56319FB754}.Ad-Hoc|x86.Deploy.0 = Release|x86
		{80221626-32A3-4A0C-B45D-AE56319FB754}.AppStore|Any CPU.ActiveCfg = Release|Any CPU
		{80221626-32A3-4A0C-B45D-AE56319FB754}.AppStore|Any CPU.Build.0 = Release|Any CPU
		{80221626-32A3-4A0C-B45D-AE56319FB754}.AppStore|Any CPU.Deploy.0 = Release|Any CPU
		{80221626-32A3-4A0C-B45D-AE56319FB754}.AppStore|ARM.ActiveCfg = Release|ARM
		{80221626-32A3-4A0C-B45D-AE56319FB754}.AppStore|ARM.Build.0 = Release|ARM
		{80221626-32A3-4A0C-B45D-AE56319FB754}.AppStore|ARM.Deploy.0 = Release|ARM
		{80221626-32A3-4A0C-B45D-AE56319FB754}.AppStore|iPhone.ActiveCfg = Release|Any CPU
		{80221626-32A3-4A0C-B45D-AE56319FB754}.AppStore|iPhoneSimulator.ActiveCfg = Release|Any CPU
		{80221626-32A3-4A0C-B45D-AE56319FB754}.AppStore|Mixed Platforms.ActiveCfg = Release|x86
		{80221626-32A3-4A0C-B45D-AE56319FB754}.AppStore|Mixed Platforms.Build.0 = Release|x86
		{80221626-32A3-4A0C-B45D-AE56319FB754}.AppStore|Mixed Platforms.Deploy.0 = Release|x86
		{80221626-32A3-4A0C-B45D-AE56319FB754}.AppStore|x86.ActiveCfg = Release|x86
		{80221626-32A3-4A0C-B45D-AE56319FB754}.AppStore|x86.Build.0 = Release|x86
		{80221626-32A3-4A0C-B45D-AE56319FB754}.AppStore|x86.Deploy.0 = Release|x86
		{80221626-32A3-4A0C-B45D-AE56319FB754}.Debug|Any CPU.ActiveCfg = Debug|Any CPU
		{80221626-32A3-4A0C-B45D-AE56319FB754}.Debug|Any CPU.Build.0 = Debug|Any CPU
		{80221626-32A3-4A0C-B45D-AE56319FB754}.Debug|Any CPU.Deploy.0 = Debug|Any CPU
		{80221626-32A3-4A0C-B45D-AE56319FB754}.Debug|ARM.ActiveCfg = Debug|ARM
		{80221626-32A3-4A0C-B45D-AE56319FB754}.Debug|ARM.Build.0 = Debug|ARM
		{80221626-32A3-4A0C-B45D-AE56319FB754}.Debug|ARM.Deploy.0 = Debug|ARM
		{80221626-32A3-4A0C-B45D-AE56319FB754}.Debug|iPhone.ActiveCfg = Debug|Any CPU
		{80221626-32A3-4A0C-B45D-AE56319FB754}.Debug|iPhoneSimulator.ActiveCfg = Debug|Any CPU
		{80221626-32A3-4A0C-B45D-AE56319FB754}.Debug|Mixed Platforms.ActiveCfg = Debug|x86
		{80221626-32A3-4A0C-B45D-AE56319FB754}.Debug|Mixed Platforms.Build.0 = Debug|x86
		{80221626-32A3-4A0C-B45D-AE56319FB754}.Debug|Mixed Platforms.Deploy.0 = Debug|x86
		{80221626-32A3-4A0C-B45D-AE56319FB754}.Debug|x86.ActiveCfg = Debug|x86
		{80221626-32A3-4A0C-B45D-AE56319FB754}.Debug|x86.Build.0 = Debug|x86
		{80221626-32A3-4A0C-B45D-AE56319FB754}.Debug|x86.Deploy.0 = Debug|x86
		{80221626-32A3-4A0C-B45D-AE56319FB754}.Release|Any CPU.ActiveCfg = Release|Any CPU
		{80221626-32A3-4A0C-B45D-AE56319FB754}.Release|Any CPU.Build.0 = Release|Any CPU
		{80221626-32A3-4A0C-B45D-AE56319FB754}.Release|Any CPU.Deploy.0 = Release|Any CPU
		{80221626-32A3-4A0C-B45D-AE56319FB754}.Release|ARM.ActiveCfg = Release|ARM
		{80221626-32A3-4A0C-B45D-AE56319FB754}.Release|ARM.Build.0 = Release|ARM
		{80221626-32A3-4A0C-B45D-AE56319FB754}.Release|ARM.Deploy.0 = Release|ARM
		{80221626-32A3-4A0C-B45D-AE56319FB754}.Release|iPhone.ActiveCfg = Release|Any CPU
		{80221626-32A3-4A0C-B45D-AE56319FB754}.Release|iPhoneSimulator.ActiveCfg = Release|Any CPU
		{80221626-32A3-4A0C-B45D-AE56319FB754}.Release|Mixed Platforms.ActiveCfg = Release|x86
		{80221626-32A3-4A0C-B45D-AE56319FB754}.Release|Mixed Platforms.Build.0 = Release|x86
		{80221626-32A3-4A0C-B45D-AE56319FB754}.Release|Mixed Platforms.Deploy.0 = Release|x86
		{80221626-32A3-4A0C-B45D-AE56319FB754}.Release|x86.ActiveCfg = Release|x86
		{80221626-32A3-4A0C-B45D-AE56319FB754}.Release|x86.Build.0 = Release|x86
		{80221626-32A3-4A0C-B45D-AE56319FB754}.Release|x86.Deploy.0 = Release|x86
		{5CE1F777-4CDF-4BCD-BA00-A814BA58123C}.Ad-Hoc|Any CPU.ActiveCfg = Release|Any CPU
		{5CE1F777-4CDF-4BCD-BA00-A814BA58123C}.Ad-Hoc|Any CPU.Build.0 = Release|Any CPU
		{5CE1F777-4CDF-4BCD-BA00-A814BA58123C}.Ad-Hoc|ARM.ActiveCfg = Release|Any CPU
		{5CE1F777-4CDF-4BCD-BA00-A814BA58123C}.Ad-Hoc|iPhone.ActiveCfg = Release|Any CPU
		{5CE1F777-4CDF-4BCD-BA00-A814BA58123C}.Ad-Hoc|iPhoneSimulator.ActiveCfg = Release|Any CPU
		{5CE1F777-4CDF-4BCD-BA00-A814BA58123C}.Ad-Hoc|Mixed Platforms.ActiveCfg = Release|Any CPU
		{5CE1F777-4CDF-4BCD-BA00-A814BA58123C}.Ad-Hoc|Mixed Platforms.Build.0 = Release|Any CPU
		{5CE1F777-4CDF-4BCD-BA00-A814BA58123C}.Ad-Hoc|x86.ActiveCfg = Release|Any CPU
		{5CE1F777-4CDF-4BCD-BA00-A814BA58123C}.AppStore|Any CPU.ActiveCfg = Release|Any CPU
		{5CE1F777-4CDF-4BCD-BA00-A814BA58123C}.AppStore|Any CPU.Build.0 = Release|Any CPU
		{5CE1F777-4CDF-4BCD-BA00-A814BA58123C}.AppStore|ARM.ActiveCfg = Release|Any CPU
		{5CE1F777-4CDF-4BCD-BA00-A814BA58123C}.AppStore|iPhone.ActiveCfg = Release|Any CPU
		{5CE1F777-4CDF-4BCD-BA00-A814BA58123C}.AppStore|iPhoneSimulator.ActiveCfg = Release|Any CPU
		{5CE1F777-4CDF-4BCD-BA00-A814BA58123C}.AppStore|Mixed Platforms.ActiveCfg = Release|Any CPU
		{5CE1F777-4CDF-4BCD-BA00-A814BA58123C}.AppStore|Mixed Platforms.Build.0 = Release|Any CPU
		{5CE1F777-4CDF-4BCD-BA00-A814BA58123C}.AppStore|x86.ActiveCfg = Release|Any CPU
		{5CE1F777-4CDF-4BCD-BA00-A814BA58123C}.Debug|Any CPU.ActiveCfg = Debug|Any CPU
		{5CE1F777-4CDF-4BCD-BA00-A814BA58123C}.Debug|Any CPU.Build.0 = Debug|Any CPU
		{5CE1F777-4CDF-4BCD-BA00-A814BA58123C}.Debug|ARM.ActiveCfg = Debug|Any CPU
		{5CE1F777-4CDF-4BCD-BA00-A814BA58123C}.Debug|iPhone.ActiveCfg = Debug|Any CPU
		{5CE1F777-4CDF-4BCD-BA00-A814BA58123C}.Debug|iPhoneSimulator.ActiveCfg = Debug|Any CPU
		{5CE1F777-4CDF-4BCD-BA00-A814BA58123C}.Debug|Mixed Platforms.ActiveCfg = Debug|Any CPU
		{5CE1F777-4CDF-4BCD-BA00-A814BA58123C}.Debug|Mixed Platforms.Build.0 = Debug|Any CPU
		{5CE1F777-4CDF-4BCD-BA00-A814BA58123C}.Debug|x86.ActiveCfg = Debug|Any CPU
		{5CE1F777-4CDF-4BCD-BA00-A814BA58123C}.Release|Any CPU.ActiveCfg = Release|Any CPU
		{5CE1F777-4CDF-4BCD-BA00-A814BA58123C}.Release|Any CPU.Build.0 = Release|Any CPU
		{5CE1F777-4CDF-4BCD-BA00-A814BA58123C}.Release|ARM.ActiveCfg = Release|Any CPU
		{5CE1F777-4CDF-4BCD-BA00-A814BA58123C}.Release|iPhone.ActiveCfg = Release|Any CPU
		{5CE1F777-4CDF-4BCD-BA00-A814BA58123C}.Release|iPhoneSimulator.ActiveCfg = Release|Any CPU
		{5CE1F777-4CDF-4BCD-BA00-A814BA58123C}.Release|Mixed Platforms.ActiveCfg = Release|Any CPU
		{5CE1F777-4CDF-4BCD-BA00-A814BA58123C}.Release|Mixed Platforms.Build.0 = Release|Any CPU
		{5CE1F777-4CDF-4BCD-BA00-A814BA58123C}.Release|x86.ActiveCfg = Release|Any CPU
	EndGlobalSection
	GlobalSection(SolutionProperties) = preSolution
		HideSolutionNode = FALSE
	EndGlobalSection
	GlobalSection(NestedProjects) = preSolution
		{5CE1F777-4CDF-4BCD-BA00-A814BA58123C} = {8D9222ED-E5B3-4D0A-9E10-62B0CCF27A58}
	EndGlobalSection
EndGlobal
